
Microsoft Visual Studio Solution File, Format Version 12.00
# Visual Studio Version 16
VisualStudioVersion = 16.0.29503.13
MinimumVisualStudioVersion = 10.0.40219.1
Project("{9A19103F-16F7-4668-BE54-9A1E7A4F7556}") = "NetworkCamera.Wpf", "NetworkCamera.Wpf\NetworkCamera.Wpf.csproj", "{77DB0B02-348E-4F0E-B88C-92CA9D39565D}"
	ProjectSection(ProjectDependencies) = postProject
		{67DCD814-8BED-4289-9164-BA73ABF8B43B} = {67DCD814-8BED-4289-9164-BA73ABF8B43B}
		{9342185E-D6FD-488E-A6E3-4A56278C071A} = {9342185E-D6FD-488E-A6E3-4A56278C071A}
		{970FF98D-31FA-46B9-84F0-9BC7B43BC36A} = {970FF98D-31FA-46B9-84F0-9BC7B43BC36A}
	EndProjectSection
EndProject
Project("{9A19103F-16F7-4668-BE54-9A1E7A4F7556}") = "NetworkCamera.Device", "NetworkCamera.Device\NetworkCamera.Device.csproj", "{67DCD814-8BED-4289-9164-BA73ABF8B43B}"
	ProjectSection(ProjectDependencies) = postProject
		{970FF98D-31FA-46B9-84F0-9BC7B43BC36A} = {970FF98D-31FA-46B9-84F0-9BC7B43BC36A}
	EndProjectSection
EndProject
Project("{9A19103F-16F7-4668-BE54-9A1E7A4F7556}") = "NetworkCamera.Core", "NetworkCamera.Core\NetworkCamera.Core.csproj", "{970FF98D-31FA-46B9-84F0-9BC7B43BC36A}"
EndProject
Project("{9A19103F-16F7-4668-BE54-9A1E7A4F7556}") = "NetworkCamera.Setting", "NetworkCamera.Setting\NetworkCamera.Setting.csproj", "{833058DB-D7FF-40CD-A8C0-2E0861D5F7D1}"
EndProject
Project("{9A19103F-16F7-4668-BE54-9A1E7A4F7556}") = "NetworkCamera.Main", "NetworkCamera.Main\NetworkCamera.Main.csproj", "{9342185E-D6FD-488E-A6E3-4A56278C071A}"
EndProject
Project("{2150E333-8FDC-42A3-9474-1A3956D46DE8}") = "Solution Items", "Solution Items", "{72AB278E-DB15-4C59-B6F9-ECD8F9B528B2}"
	ProjectSection(SolutionItems) = preProject
		.editorconfig = .editorconfig
	EndProjectSection
EndProject
Project("{9A19103F-16F7-4668-BE54-9A1E7A4F7556}") = "NetworkCamera.Service", "NetworkCamera.Service\NetworkCamera.Service.csproj", "{88FBF024-950E-4102-B631-CDFC2D930CF9}"
EndProject
Project("{9A19103F-16F7-4668-BE54-9A1E7A4F7556}") = "NetworkCamera.Tests", "NetworkCamera.Tests\NetworkCamera.Tests.csproj", "{E41D0B40-FF94-41B0-AC12-D43D212017DD}"
EndProject
Global
	GlobalSection(SolutionConfigurationPlatforms) = preSolution
		Debug|Any CPU = Debug|Any CPU
		Debug|ARM = Debug|ARM
		Debug|ARM64 = Debug|ARM64
		Debug|x64 = Debug|x64
		Debug|x86 = Debug|x86
		Release|Any CPU = Release|Any CPU
		Release|ARM = Release|ARM
		Release|ARM64 = Release|ARM64
		Release|x64 = Release|x64
		Release|x86 = Release|x86
	EndGlobalSection
	GlobalSection(ProjectConfigurationPlatforms) = postSolution
		{77DB0B02-348E-4F0E-B88C-92CA9D39565D}.Debug|Any CPU.ActiveCfg = Debug|Any CPU
		{77DB0B02-348E-4F0E-B88C-92CA9D39565D}.Debug|Any CPU.Build.0 = Debug|Any CPU
		{77DB0B02-348E-4F0E-B88C-92CA9D39565D}.Debug|ARM.ActiveCfg = Debug|Any CPU
		{77DB0B02-348E-4F0E-B88C-92CA9D39565D}.Debug|ARM.Build.0 = Debug|Any CPU
		{77DB0B02-348E-4F0E-B88C-92CA9D39565D}.Debug|ARM64.ActiveCfg = Debug|Any CPU
		{77DB0B02-348E-4F0E-B88C-92CA9D39565D}.Debug|ARM64.Build.0 = Debug|Any CPU
		{77DB0B02-348E-4F0E-B88C-92CA9D39565D}.Debug|x64.ActiveCfg = Debug|Any CPU
		{77DB0B02-348E-4F0E-B88C-92CA9D39565D}.Debug|x64.Build.0 = Debug|Any CPU
		{77DB0B02-348E-4F0E-B88C-92CA9D39565D}.Debug|x86.ActiveCfg = Debug|Any CPU
		{77DB0B02-348E-4F0E-B88C-92CA9D39565D}.Debug|x86.Build.0 = Debug|Any CPU
		{77DB0B02-348E-4F0E-B88C-92CA9D39565D}.Release|Any CPU.ActiveCfg = Release|Any CPU
		{77DB0B02-348E-4F0E-B88C-92CA9D39565D}.Release|Any CPU.Build.0 = Release|Any CPU
		{77DB0B02-348E-4F0E-B88C-92CA9D39565D}.Release|ARM.ActiveCfg = Release|Any CPU
		{77DB0B02-348E-4F0E-B88C-92CA9D39565D}.Release|ARM.Build.0 = Release|Any CPU
		{77DB0B02-348E-4F0E-B88C-92CA9D39565D}.Release|ARM64.ActiveCfg = Release|Any CPU
		{77DB0B02-348E-4F0E-B88C-92CA9D39565D}.Release|ARM64.Build.0 = Release|Any CPU
		{77DB0B02-348E-4F0E-B88C-92CA9D39565D}.Release|x64.ActiveCfg = Release|Any CPU
		{77DB0B02-348E-4F0E-B88C-92CA9D39565D}.Release|x64.Build.0 = Release|Any CPU
		{77DB0B02-348E-4F0E-B88C-92CA9D39565D}.Release|x86.ActiveCfg = Release|Any CPU
		{77DB0B02-348E-4F0E-B88C-92CA9D39565D}.Release|x86.Build.0 = Release|Any CPU
		{67DCD814-8BED-4289-9164-BA73ABF8B43B}.Debug|Any CPU.ActiveCfg = Debug|Any CPU
		{67DCD814-8BED-4289-9164-BA73ABF8B43B}.Debug|Any CPU.Build.0 = Debug|Any CPU
		{67DCD814-8BED-4289-9164-BA73ABF8B43B}.Debug|ARM.ActiveCfg = Debug|Any CPU
		{67DCD814-8BED-4289-9164-BA73ABF8B43B}.Debug|ARM.Build.0 = Debug|Any CPU
		{67DCD814-8BED-4289-9164-BA73ABF8B43B}.Debug|ARM64.ActiveCfg = Debug|Any CPU
		{67DCD814-8BED-4289-9164-BA73ABF8B43B}.Debug|ARM64.Build.0 = Debug|Any CPU
		{67DCD814-8BED-4289-9164-BA73ABF8B43B}.Debug|x64.ActiveCfg = Debug|Any CPU
		{67DCD814-8BED-4289-9164-BA73ABF8B43B}.Debug|x64.Build.0 = Debug|Any CPU
		{67DCD814-8BED-4289-9164-BA73ABF8B43B}.Debug|x86.ActiveCfg = Debug|Any CPU
		{67DCD814-8BED-4289-9164-BA73ABF8B43B}.Debug|x86.Build.0 = Debug|Any CPU
		{67DCD814-8BED-4289-9164-BA73ABF8B43B}.Release|Any CPU.ActiveCfg = Release|Any CPU
		{67DCD814-8BED-4289-9164-BA73ABF8B43B}.Release|Any CPU.Build.0 = Release|Any CPU
		{67DCD814-8BED-4289-9164-BA73ABF8B43B}.Release|ARM.ActiveCfg = Release|Any CPU
		{67DCD814-8BED-4289-9164-BA73ABF8B43B}.Release|ARM.Build.0 = Release|Any CPU
		{67DCD814-8BED-4289-9164-BA73ABF8B43B}.Release|ARM64.ActiveCfg = Release|Any CPU
		{67DCD814-8BED-4289-9164-BA73ABF8B43B}.Release|ARM64.Build.0 = Release|Any CPU
		{67DCD814-8BED-4289-9164-BA73ABF8B43B}.Release|x64.ActiveCfg = Release|Any CPU
		{67DCD814-8BED-4289-9164-BA73ABF8B43B}.Release|x64.Build.0 = Release|Any CPU
		{67DCD814-8BED-4289-9164-BA73ABF8B43B}.Release|x86.ActiveCfg = Release|Any CPU
		{67DCD814-8BED-4289-9164-BA73ABF8B43B}.Release|x86.Build.0 = Release|Any CPU
		{970FF98D-31FA-46B9-84F0-9BC7B43BC36A}.Debug|Any CPU.ActiveCfg = Debug|Any CPU
		{970FF98D-31FA-46B9-84F0-9BC7B43BC36A}.Debug|Any CPU.Build.0 = Debug|Any CPU
		{970FF98D-31FA-46B9-84F0-9BC7B43BC36A}.Debug|ARM.ActiveCfg = Debug|Any CPU
		{970FF98D-31FA-46B9-84F0-9BC7B43BC36A}.Debug|ARM.Build.0 = Debug|Any CPU
		{970FF98D-31FA-46B9-84F0-9BC7B43BC36A}.Debug|ARM64.ActiveCfg = Debug|Any CPU
		{970FF98D-31FA-46B9-84F0-9BC7B43BC36A}.Debug|ARM64.Build.0 = Debug|Any CPU
		{970FF98D-31FA-46B9-84F0-9BC7B43BC36A}.Debug|x64.ActiveCfg = Debug|Any CPU
		{970FF98D-31FA-46B9-84F0-9BC7B43BC36A}.Debug|x64.Build.0 = Debug|Any CPU
		{970FF98D-31FA-46B9-84F0-9BC7B43BC36A}.Debug|x86.ActiveCfg = Debug|Any CPU
		{970FF98D-31FA-46B9-84F0-9BC7B43BC36A}.Debug|x86.Build.0 = Debug|Any CPU
		{970FF98D-31FA-46B9-84F0-9BC7B43BC36A}.Release|Any CPU.ActiveCfg = Release|Any CPU
		{970FF98D-31FA-46B9-84F0-9BC7B43BC36A}.Release|Any CPU.Build.0 = Release|Any CPU
		{970FF98D-31FA-46B9-84F0-9BC7B43BC36A}.Release|ARM.ActiveCfg = Release|Any CPU
		{970FF98D-31FA-46B9-84F0-9BC7B43BC36A}.Release|ARM.Build.0 = Release|Any CPU
		{970FF98D-31FA-46B9-84F0-9BC7B43BC36A}.Release|ARM64.ActiveCfg = Release|Any CPU
		{970FF98D-31FA-46B9-84F0-9BC7B43BC36A}.Release|ARM64.Build.0 = Release|Any CPU
		{970FF98D-31FA-46B9-84F0-9BC7B43BC36A}.Release|x64.ActiveCfg = Release|Any CPU
		{970FF98D-31FA-46B9-84F0-9BC7B43BC36A}.Release|x64.Build.0 = Release|Any CPU
		{970FF98D-31FA-46B9-84F0-9BC7B43BC36A}.Release|x86.ActiveCfg = Release|Any CPU
		{970FF98D-31FA-46B9-84F0-9BC7B43BC36A}.Release|x86.Build.0 = Release|Any CPU
		{833058DB-D7FF-40CD-A8C0-2E0861D5F7D1}.Debug|Any CPU.ActiveCfg = Debug|Any CPU
		{833058DB-D7FF-40CD-A8C0-2E0861D5F7D1}.Debug|Any CPU.Build.0 = Debug|Any CPU
		{833058DB-D7FF-40CD-A8C0-2E0861D5F7D1}.Debug|ARM.ActiveCfg = Debug|Any CPU
		{833058DB-D7FF-40CD-A8C0-2E0861D5F7D1}.Debug|ARM.Build.0 = Debug|Any CPU
		{833058DB-D7FF-40CD-A8C0-2E0861D5F7D1}.Debug|ARM64.ActiveCfg = Debug|Any CPU
		{833058DB-D7FF-40CD-A8C0-2E0861D5F7D1}.Debug|ARM64.Build.0 = Debug|Any CPU
		{833058DB-D7FF-40CD-A8C0-2E0861D5F7D1}.Debug|x64.ActiveCfg = Debug|Any CPU
		{833058DB-D7FF-40CD-A8C0-2E0861D5F7D1}.Debug|x64.Build.0 = Debug|Any CPU
		{833058DB-D7FF-40CD-A8C0-2E0861D5F7D1}.Debug|x86.ActiveCfg = Debug|Any CPU
		{833058DB-D7FF-40CD-A8C0-2E0861D5F7D1}.Debug|x86.Build.0 = Debug|Any CPU
		{833058DB-D7FF-40CD-A8C0-2E0861D5F7D1}.Release|Any CPU.ActiveCfg = Release|Any CPU
		{833058DB-D7FF-40CD-A8C0-2E0861D5F7D1}.Release|Any CPU.Build.0 = Release|Any CPU
		{833058DB-D7FF-40CD-A8C0-2E0861D5F7D1}.Release|ARM.ActiveCfg = Release|Any CPU
		{833058DB-D7FF-40CD-A8C0-2E0861D5F7D1}.Release|ARM.Build.0 = Release|Any CPU
		{833058DB-D7FF-40CD-A8C0-2E0861D5F7D1}.Release|ARM64.ActiveCfg = Release|Any CPU
		{833058DB-D7FF-40CD-A8C0-2E0861D5F7D1}.Release|ARM64.Build.0 = Release|Any CPU
		{833058DB-D7FF-40CD-A8C0-2E0861D5F7D1}.Release|x64.ActiveCfg = Release|Any CPU
		{833058DB-D7FF-40CD-A8C0-2E0861D5F7D1}.Release|x64.Build.0 = Release|Any CPU
		{833058DB-D7FF-40CD-A8C0-2E0861D5F7D1}.Release|x86.ActiveCfg = Release|Any CPU
		{833058DB-D7FF-40CD-A8C0-2E0861D5F7D1}.Release|x86.Build.0 = Release|Any CPU
		{9342185E-D6FD-488E-A6E3-4A56278C071A}.Debug|Any CPU.ActiveCfg = Debug|Any CPU
		{9342185E-D6FD-488E-A6E3-4A56278C071A}.Debug|Any CPU.Build.0 = Debug|Any CPU
		{9342185E-D6FD-488E-A6E3-4A56278C071A}.Debug|ARM.ActiveCfg = Debug|Any CPU
		{9342185E-D6FD-488E-A6E3-4A56278C071A}.Debug|ARM.Build.0 = Debug|Any CPU
		{9342185E-D6FD-488E-A6E3-4A56278C071A}.Debug|ARM64.ActiveCfg = Debug|Any CPU
		{9342185E-D6FD-488E-A6E3-4A56278C071A}.Debug|ARM64.Build.0 = Debug|Any CPU
		{9342185E-D6FD-488E-A6E3-4A56278C071A}.Debug|x64.ActiveCfg = Debug|Any CPU
		{9342185E-D6FD-488E-A6E3-4A56278C071A}.Debug|x64.Build.0 = Debug|Any CPU
		{9342185E-D6FD-488E-A6E3-4A56278C071A}.Debug|x86.ActiveCfg = Debug|Any CPU
		{9342185E-D6FD-488E-A6E3-4A56278C071A}.Debug|x86.Build.0 = Debug|Any CPU
		{9342185E-D6FD-488E-A6E3-4A56278C071A}.Release|Any CPU.ActiveCfg = Release|Any CPU
		{9342185E-D6FD-488E-A6E3-4A56278C071A}.Release|Any CPU.Build.0 = Release|Any CPU
		{9342185E-D6FD-488E-A6E3-4A56278C071A}.Release|ARM.ActiveCfg = Release|Any CPU
		{9342185E-D6FD-488E-A6E3-4A56278C071A}.Release|ARM.Build.0 = Release|Any CPU
		{9342185E-D6FD-488E-A6E3-4A56278C071A}.Release|ARM64.ActiveCfg = Release|Any CPU
		{9342185E-D6FD-488E-A6E3-4A56278C071A}.Release|ARM64.Build.0 = Release|Any CPU
		{9342185E-D6FD-488E-A6E3-4A56278C071A}.Release|x64.ActiveCfg = Release|Any CPU
		{9342185E-D6FD-488E-A6E3-4A56278C071A}.Release|x64.Build.0 = Release|Any CPU
		{9342185E-D6FD-488E-A6E3-4A56278C071A}.Release|x86.ActiveCfg = Release|Any CPU
		{9342185E-D6FD-488E-A6E3-4A56278C071A}.Release|x86.Build.0 = Release|Any CPU
		{88FBF024-950E-4102-B631-CDFC2D930CF9}.Debug|Any CPU.ActiveCfg = Debug|Any CPU
		{88FBF024-950E-4102-B631-CDFC2D930CF9}.Debug|Any CPU.Build.0 = Debug|Any CPU
		{88FBF024-950E-4102-B631-CDFC2D930CF9}.Debug|ARM.ActiveCfg = Debug|Any CPU
		{88FBF024-950E-4102-B631-CDFC2D930CF9}.Debug|ARM.Build.0 = Debug|Any CPU
		{88FBF024-950E-4102-B631-CDFC2D930CF9}.Debug|ARM64.ActiveCfg = Debug|Any CPU
		{88FBF024-950E-4102-B631-CDFC2D930CF9}.Debug|ARM64.Build.0 = Debug|Any CPU
		{88FBF024-950E-4102-B631-CDFC2D930CF9}.Debug|x64.ActiveCfg = Debug|Any CPU
		{88FBF024-950E-4102-B631-CDFC2D930CF9}.Debug|x64.Build.0 = Debug|Any CPU
		{88FBF024-950E-4102-B631-CDFC2D930CF9}.Debug|x86.ActiveCfg = Debug|Any CPU
		{88FBF024-950E-4102-B631-CDFC2D930CF9}.Debug|x86.Build.0 = Debug|Any CPU
		{88FBF024-950E-4102-B631-CDFC2D930CF9}.Release|Any CPU.ActiveCfg = Release|Any CPU
		{88FBF024-950E-4102-B631-CDFC2D930CF9}.Release|Any CPU.Build.0 = Release|Any CPU
		{88FBF024-950E-4102-B631-CDFC2D930CF9}.Release|ARM.ActiveCfg = Release|Any CPU
		{88FBF024-950E-4102-B631-CDFC2D930CF9}.Release|ARM.Build.0 = Release|Any CPU
		{88FBF024-950E-4102-B631-CDFC2D930CF9}.Release|ARM64.ActiveCfg = Release|Any CPU
		{88FBF024-950E-4102-B631-CDFC2D930CF9}.Release|ARM64.Build.0 = Release|Any CPU
		{88FBF024-950E-4102-B631-CDFC2D930CF9}.Release|x64.ActiveCfg = Release|Any CPU
		{88FBF024-950E-4102-B631-CDFC2D930CF9}.Release|x64.Build.0 = Release|Any CPU
		{88FBF024-950E-4102-B631-CDFC2D930CF9}.Release|x86.ActiveCfg = Release|Any CPU
		{88FBF024-950E-4102-B631-CDFC2D930CF9}.Release|x86.Build.0 = Release|Any CPU
		{E41D0B40-FF94-41B0-AC12-D43D212017DD}.Debug|Any CPU.ActiveCfg = Debug|Any CPU
		{E41D0B40-FF94-41B0-AC12-D43D212017DD}.Debug|Any CPU.Build.0 = Debug|Any CPU
		{E41D0B40-FF94-41B0-AC12-D43D212017DD}.Debug|ARM.ActiveCfg = Debug|Any CPU
		{E41D0B40-FF94-41B0-AC12-D43D212017DD}.Debug|ARM.Build.0 = Debug|Any CPU
		{E41D0B40-FF94-41B0-AC12-D43D212017DD}.Debug|ARM64.ActiveCfg = Debug|Any CPU
		{E41D0B40-FF94-41B0-AC12-D43D212017DD}.Debug|ARM64.Build.0 = Debug|Any CPU
		{E41D0B40-FF94-41B0-AC12-D43D212017DD}.Debug|x64.ActiveCfg = Debug|Any CPU
		{E41D0B40-FF94-41B0-AC12-D43D212017DD}.Debug|x64.Build.0 = Debug|Any CPU
		{E41D0B40-FF94-41B0-AC12-D43D212017DD}.Debug|x86.ActiveCfg = Debug|Any CPU
		{E41D0B40-FF94-41B0-AC12-D43D212017DD}.Debug|x86.Build.0 = Debug|Any CPU
		{E41D0B40-FF94-41B0-AC12-D43D212017DD}.Release|Any CPU.ActiveCfg = Release|Any CPU
		{E41D0B40-FF94-41B0-AC12-D43D212017DD}.Release|Any CPU.Build.0 = Release|Any CPU
		{E41D0B40-FF94-41B0-AC12-D43D212017DD}.Release|ARM.ActiveCfg = Release|Any CPU
		{E41D0B40-FF94-41B0-AC12-D43D212017DD}.Release|ARM.Build.0 = Release|Any CPU
		{E41D0B40-FF94-41B0-AC12-D43D212017DD}.Release|ARM64.ActiveCfg = Release|Any CPU
		{E41D0B40-FF94-41B0-AC12-D43D212017DD}.Release|ARM64.Build.0 = Release|Any CPU
		{E41D0B40-FF94-41B0-AC12-D43D212017DD}.Release|x64.ActiveCfg = Release|Any CPU
		{E41D0B40-FF94-41B0-AC12-D43D212017DD}.Release|x64.Build.0 = Release|Any CPU
		{E41D0B40-FF94-41B0-AC12-D43D212017DD}.Release|x86.ActiveCfg = Release|Any CPU
		{E41D0B40-FF94-41B0-AC12-D43D212017DD}.Release|x86.Build.0 = Release|Any CPU
	EndGlobalSection
	GlobalSection(SolutionProperties) = preSolution
		HideSolutionNode = FALSE
	EndGlobalSection
	GlobalSection(ExtensibilityGlobals) = postSolution
		SolutionGuid = {7FBA8E86-4D03-4D56-98E8-3B49F39F0FDA}
	EndGlobalSection
EndGlobal
